// !$*UTF8*$!
{
	archiveVersion = 1;
	classes = {
	};
	objectVersion = 50;
	objects = {

/* Begin PBXBuildFile section */
		460B205C2107446E00CB5CB9 /* AppDelegate.swift in Sources */ = {isa = PBXBuildFile; fileRef = 460B205B2107446E00CB5CB9 /* AppDelegate.swift */; };
		460B205E2107446E00CB5CB9 /* ViewController.swift in Sources */ = {isa = PBXBuildFile; fileRef = 460B205D2107446E00CB5CB9 /* ViewController.swift */; };
		460B20612107446E00CB5CB9 /* Main.storyboard in Resources */ = {isa = PBXBuildFile; fileRef = 460B205F2107446E00CB5CB9 /* Main.storyboard */; };
		460B20632107447000CB5CB9 /* Assets.xcassets in Resources */ = {isa = PBXBuildFile; fileRef = 460B20622107447000CB5CB9 /* Assets.xcassets */; };
		460B20662107447000CB5CB9 /* LaunchScreen.storyboard in Resources */ = {isa = PBXBuildFile; fileRef = 460B20642107447000CB5CB9 /* LaunchScreen.storyboard */; };
		460B20712107447000CB5CB9 /* eyelogixTests.swift in Sources */ = {isa = PBXBuildFile; fileRef = 460B20702107447000CB5CB9 /* eyelogixTests.swift */; };
		460B207C2107447000CB5CB9 /* eyelogixUITests.swift in Sources */ = {isa = PBXBuildFile; fileRef = 460B207B2107447000CB5CB9 /* eyelogixUITests.swift */; };
/* End PBXBuildFile section */

/* Begin PBXContainerItemProxy section */
		460B206D2107447000CB5CB9 /* PBXContainerItemProxy */ = {
			isa = PBXContainerItemProxy;
			containerPortal = 460B20502107446E00CB5CB9 /* Project object */;
			proxyType = 1;
			remoteGlobalIDString = 460B20572107446E00CB5CB9;
			remoteInfo = eyelogix;
		};
		460B20782107447000CB5CB9 /* PBXContainerItemProxy */ = {
			isa = PBXContainerItemProxy;
			containerPortal = 460B20502107446E00CB5CB9 /* Project object */;
			proxyType = 1;
			remoteGlobalIDString = 460B20572107446E00CB5CB9;
			remoteInfo = eyelogix;
		};
/* End PBXContainerItemProxy section */

/* Begin PBXFileReference section */
		460B20582107446E00CB5CB9 /* eyelogix.app */ = {isa = PBXFileReference; explicitFileType = wrapper.application; includeInIndex = 0; path = eyelogix.app; sourceTree = BUILT_PRODUCTS_DIR; };
		460B205B2107446E00CB5CB9 /* AppDelegate.swift */ = {isa = PBXFileReference; lastKnownFileType = sourcecode.swift; path = AppDelegate.swift; sourceTree = "<group>"; };
		460B205D2107446E00CB5CB9 /* ViewController.swift */ = {isa = PBXFileReference; lastKnownFileType = sourcecode.swift; path = ViewController.swift; sourceTree = "<group>"; };
		460B20602107446E00CB5CB9 /* Base */ = {isa = PBXFileReference; lastKnownFileType = file.storyboard; name = Base; path = Base.lproj/Main.storyboard; sourceTree = "<group>"; };
		460B20622107447000CB5CB9 /* Assets.xcassets */ = {isa = PBXFileReference; lastKnownFileType = folder.assetcatalog; path = Assets.xcassets; sourceTree = "<group>"; };
		460B20652107447000CB5CB9 /* Base */ = {isa = PBXFileReference; lastKnownFileType = file.storyboard; name = Base; path = Base.lproj/LaunchScreen.storyboard; sourceTree = "<group>"; };
		460B20672107447000CB5CB9 /* Info.plist */ = {isa = PBXFileReference; lastKnownFileType = text.plist.xml; path = Info.plist; sourceTree = "<group>"; };
		460B206C2107447000CB5CB9 /* eyelogixTests.xctest */ = {isa = PBXFileReference; explicitFileType = wrapper.cfbundle; includeInIndex = 0; path = eyelogixTests.xctest; sourceTree = BUILT_PRODUCTS_DIR; };
		460B20702107447000CB5CB9 /* eyelogixTests.swift */ = {isa = PBXFileReference; lastKnownFileType = sourcecode.swift; path = eyelogixTests.swift; sourceTree = "<group>"; };
		460B20722107447000CB5CB9 /* Info.plist */ = {isa = PBXFileReference; lastKnownFileType = text.plist.xml; path = Info.plist; sourceTree = "<group>"; };
		460B20772107447000CB5CB9 /* eyelogixUITests.xctest */ = {isa = PBXFileReference; explicitFileType = wrapper.cfbundle; includeInIndex = 0; path = eyelogixUITests.xctest; sourceTree = BUILT_PRODUCTS_DIR; };
		460B207B2107447000CB5CB9 /* eyelogixUITests.swift */ = {isa = PBXFileReference; lastKnownFileType = sourcecode.swift; path = eyelogixUITests.swift; sourceTree = "<group>"; };
		460B207D2107447000CB5CB9 /* Info.plist */ = {isa = PBXFileReference; lastKnownFileType = text.plist.xml; path = Info.plist; sourceTree = "<group>"; };
/* End PBXFileReference section */

/* Begin PBXFrameworksBuildPhase section */
		460B20552107446E00CB5CB9 /* Frameworks */ = {
			isa = PBXFrameworksBuildPhase;
			buildActionMask = 2147483647;
			files = (
			);
			runOnlyForDeploymentPostprocessing = 0;
		};
		460B20692107447000CB5CB9 /* Frameworks */ = {
			isa = PBXFrameworksBuildPhase;
			buildActionMask = 2147483647;
			files = (
			);
			runOnlyForDeploymentPostprocessing = 0;
		};
		460B20742107447000CB5CB9 /* Frameworks */ = {
			isa = PBXFrameworksBuildPhase;
			buildActionMask = 2147483647;
			files = (
			);
			runOnlyForDeploymentPostprocessing = 0;
		};
/* End PBXFrameworksBuildPhase section */

/* Begin PBXGroup section */
		460B204F2107446E00CB5CB9 = {
			isa = PBXGroup;
			children = (
				460B205A2107446E00CB5CB9 /* eyelogix */,
				460B206F2107447000CB5CB9 /* eyelogixTests */,
				460B207A2107447000CB5CB9 /* eyelogixUITests */,
				460B20592107446E00CB5CB9 /* Products */,
			);
			sourceTree = "<group>";
		};
		460B20592107446E00CB5CB9 /* Products */ = {
			isa = PBXGroup;
			children = (
				460B20582107446E00CB5CB9 /* eyelogix.app */,
				460B206C2107447000CB5CB9 /* eyelogixTests.xctest */,
				460B20772107447000CB5CB9 /* eyelogixUITests.xctest */,
			);
			name = Products;
			sourceTree = "<group>";
		};
		460B205A2107446E00CB5CB9 /* eyelogix */ = {
			isa = PBXGroup;
			children = (
				460B205B2107446E00CB5CB9 /* AppDelegate.swift */,
				460B205D2107446E00CB5CB9 /* ViewController.swift */,
				460B205F2107446E00CB5CB9 /* Main.storyboard */,
				460B20622107447000CB5CB9 /* Assets.xcassets */,
				460B20642107447000CB5CB9 /* LaunchScreen.storyboard */,
				460B20672107447000CB5CB9 /* Info.plist */,
			);
			path = eyelogix;
			sourceTree = "<group>";
		};
		460B206F2107447000CB5CB9 /* eyelogixTests */ = {
			isa = PBXGroup;
			children = (
				460B20702107447000CB5CB9 /* eyelogixTests.swift */,
				460B20722107447000CB5CB9 /* Info.plist */,
			);
			path = eyelogixTests;
			sourceTree = "<group>";
		};
		460B207A2107447000CB5CB9 /* eyelogixUITests */ = {
			isa = PBXGroup;
			children = (
				460B207B2107447000CB5CB9 /* eyelogixUITests.swift */,
				460B207D2107447000CB5CB9 /* Info.plist */,
			);
			path = eyelogixUITests;
			sourceTree = "<group>";
		};
/* End PBXGroup section */

/* Begin PBXNativeTarget section */
		460B20572107446E00CB5CB9 /* eyelogix */ = {
			isa = PBXNativeTarget;
			buildConfigurationList = 460B20802107447000CB5CB9 /* Build configuration list for PBXNativeTarget "eyelogix" */;
			buildPhases = (
				460B20542107446E00CB5CB9 /* Sources */,
				460B20552107446E00CB5CB9 /* Frameworks */,
				460B20562107446E00CB5CB9 /* Resources */,
			);
			buildRules = (
			);
			dependencies = (
			);
			name = eyelogix;
			productName = eyelogix;
			productReference = 460B20582107446E00CB5CB9 /* eyelogix.app */;
			productType = "com.apple.product-type.application";
		};
		460B206B2107447000CB5CB9 /* eyelogixTests */ = {
			isa = PBXNativeTarget;
			buildConfigurationList = 460B20832107447000CB5CB9 /* Build configuration list for PBXNativeTarget "eyelogixTests" */;
			buildPhases = (
				460B20682107447000CB5CB9 /* Sources */,
				460B20692107447000CB5CB9 /* Frameworks */,
				460B206A2107447000CB5CB9 /* Resources */,
			);
			buildRules = (
			);
			dependencies = (
				460B206E2107447000CB5CB9 /* PBXTargetDependency */,
			);
			name = eyelogixTests;
			productName = eyelogixTests;
			productReference = 460B206C2107447000CB5CB9 /* eyelogixTests.xctest */;
			productType = "com.apple.product-type.bundle.unit-test";
		};
		460B20762107447000CB5CB9 /* eyelogixUITests */ = {
			isa = PBXNativeTarget;
			buildConfigurationList = 460B20862107447000CB5CB9 /* Build configuration list for PBXNativeTarget "eyelogixUITests" */;
			buildPhases = (
				460B20732107447000CB5CB9 /* Sources */,
				460B20742107447000CB5CB9 /* Frameworks */,
				460B20752107447000CB5CB9 /* Resources */,
			);
			buildRules = (
			);
			dependencies = (
				460B20792107447000CB5CB9 /* PBXTargetDependency */,
			);
			name = eyelogixUITests;
			productName = eyelogixUITests;
			productReference = 460B20772107447000CB5CB9 /* eyelogixUITests.xctest */;
			productType = "com.apple.product-type.bundle.ui-testing";
		};
/* End PBXNativeTarget section */

/* Begin PBXProject section */
		460B20502107446E00CB5CB9 /* Project object */ = {
			isa = PBXProject;
			attributes = {
				LastSwiftUpdateCheck = 0930;
				LastUpgradeCheck = 0930;
				ORGANIZATIONNAME = "Brammanand Soni";
				TargetAttributes = {
					460B20572107446E00CB5CB9 = {
						CreatedOnToolsVersion = 9.3;
					};
					460B206B2107447000CB5CB9 = {
						CreatedOnToolsVersion = 9.3;
						TestTargetID = 460B20572107446E00CB5CB9;
					};
					460B20762107447000CB5CB9 = {
						CreatedOnToolsVersion = 9.3;
						TestTargetID = 460B20572107446E00CB5CB9;
					};
				};
			};
			buildConfigurationList = 460B20532107446E00CB5CB9 /* Build configuration list for PBXProject "eyelogix" */;
			compatibilityVersion = "Xcode 9.3";
			developmentRegion = en;
			hasScannedForEncodings = 0;
			knownRegions = (
				en,
				Base,
			);
			mainGroup = 460B204F2107446E00CB5CB9;
			productRefGroup = 460B20592107446E00CB5CB9 /* Products */;
			projectDirPath = "";
			projectRoot = "";
			targets = (
				460B20572107446E00CB5CB9 /* eyelogix */,
				460B206B2107447000CB5CB9 /* eyelogixTests */,
				460B20762107447000CB5CB9 /* eyelogixUITests */,
			);
		};
/* End PBXProject section */

/* Begin PBXResourcesBuildPhase section */
		460B20562107446E00CB5CB9 /* Resources */ = {
			isa = PBXResourcesBuildPhase;
			buildActionMask = 2147483647;
			files = (
				460B20662107447000CB5CB9 /* LaunchScreen.storyboard in Resources */,
				460B20632107447000CB5CB9 /* Assets.xcassets in Resources */,
				460B20612107446E00CB5CB9 /* Main.storyboard in Resources */,
			);
			runOnlyForDeploymentPostprocessing = 0;
		};
		460B206A2107447000CB5CB9 /* Resources */ = {
			isa = PBXResourcesBuildPhase;
			buildActionMask = 2147483647;
			files = (
			);
			runOnlyForDeploymentPostprocessing = 0;
		};
		460B20752107447000CB5CB9 /* Resources */ = {
			isa = PBXResourcesBuildPhase;
			buildActionMask = 2147483647;
			files = (
			);
			runOnlyForDeploymentPostprocessing = 0;
		};
/* End PBXResourcesBuildPhase section */

/* Begin PBXSourcesBuildPhase section */
		460B20542107446E00CB5CB9 /* Sources */ = {
			isa = PBXSourcesBuildPhase;
			buildActionMask = 2147483647;
			files = (
				460B205E2107446E00CB5CB9 /* ViewController.swift in Sources */,
				460B205C2107446E00CB5CB9 /* AppDelegate.swift in Sources */,
			);
			runOnlyForDeploymentPostprocessing = 0;
		};
		460B20682107447000CB5CB9 /* Sources */ = {
			isa = PBXSourcesBuildPhase;
			buildActionMask = 2147483647;
			files = (
				460B20712107447000CB5CB9 /* eyelogixTests.swift in Sources */,
			);
			runOnlyForDeploymentPostprocessing = 0;
		};
		460B20732107447000CB5CB9 /* Sources */ = {
			isa = PBXSourcesBuildPhase;
			buildActionMask = 2147483647;
			files = (
				460B207C2107447000CB5CB9 /* eyelogixUITests.swift in Sources */,
			);
			runOnlyForDeploymentPostprocessing = 0;
		};
/* End PBXSourcesBuildPhase section */

/* Begin PBXTargetDependency section */
		460B206E2107447000CB5CB9 /* PBXTargetDependency */ = {
			isa = PBXTargetDependency;
			target = 460B20572107446E00CB5CB9 /* eyelogix */;
			targetProxy = 460B206D2107447000CB5CB9 /* PBXContainerItemProxy */;
		};
		460B20792107447000CB5CB9 /* PBXTargetDependency */ = {
			isa = PBXTargetDependency;
			target = 460B20572107446E00CB5CB9 /* eyelogix */;
			targetProxy = 460B20782107447000CB5CB9 /* PBXContainerItemProxy */;
		};
/* End PBXTargetDependency section */

/* Begin PBXVariantGroup section */
		460B205F2107446E00CB5CB9 /* Main.storyboard */ = {
			isa = PBXVariantGroup;
			children = (
				460B20602107446E00CB5CB9 /* Base */,
			);
			name = Main.storyboard;
			sourceTree = "<group>";
		};
		460B20642107447000CB5CB9 /* LaunchScreen.storyboard */ = {
			isa = PBXVariantGroup;
			children = (
				460B20652107447000CB5CB9 /* Base */,
			);
			name = LaunchScreen.storyboard;
			sourceTree = "<group>";
		};
/* End PBXVariantGroup section */

/* Begin XCBuildConfiguration section */
		460B207E2107447000CB5CB9 /* Debug */ = {
			isa = XCBuildConfiguration;
			buildSettings = {
				ALWAYS_SEARCH_USER_PATHS = NO;
				CLANG_ANALYZER_NONNULL = YES;
				CLANG_ANALYZER_NUMBER_OBJECT_CONVERSION = YES_AGGRESSIVE;
				CLANG_CXX_LANGUAGE_STANDARD = "gnu++14";
				CLANG_CXX_LIBRARY = "libc++";
				CLANG_ENABLE_MODULES = YES;
				CLANG_ENABLE_OBJC_ARC = YES;
				CLANG_ENABLE_OBJC_WEAK = YES;
				CLANG_WARN_BLOCK_CAPTURE_AUTORELEASING = YES;
				CLANG_WARN_BOOL_CONVERSION = YES;
				CLANG_WARN_COMMA = YES;
				CLANG_WARN_CONSTANT_CONVERSION = YES;
				CLANG_WARN_DEPRECATED_OBJC_IMPLEMENTATIONS = YES;
				CLANG_WARN_DIRECT_OBJC_ISA_USAGE = YES_ERROR;
				CLANG_WARN_DOCUMENTATION_COMMENTS = YES;
				CLANG_WARN_EMPTY_BODY = YES;
				CLANG_WARN_ENUM_CONVERSION = YES;
				CLANG_WARN_INFINITE_RECURSION = YES;
				CLANG_WARN_INT_CONVERSION = YES;
				CLANG_WARN_NON_LITERAL_NULL_CONVERSION = YES;
				CLANG_WARN_OBJC_IMPLICIT_RETAIN_SELF = YES;
				CLANG_WARN_OBJC_LITERAL_CONVERSION = YES;
				CLANG_WARN_OBJC_ROOT_CLASS = YES_ERROR;
				CLANG_WARN_RANGE_LOOP_ANALYSIS = YES;
				CLANG_WARN_STRICT_PROTOTYPES = YES;
				CLANG_WARN_SUSPICIOUS_MOVE = YES;
				CLANG_WARN_UNGUARDED_AVAILABILITY = YES_AGGRESSIVE;
				CLANG_WARN_UNREACHABLE_CODE = YES;
				CLANG_WARN__DUPLICATE_METHOD_MATCH = YES;
				CODE_SIGN_IDENTITY = "iPhone Developer";
				COPY_PHASE_STRIP = NO;
				DEBUG_INFORMATION_FORMAT = dwarf;
				ENABLE_STRICT_OBJC_MSGSEND = YES;
				ENABLE_TESTABILITY = YES;
				GCC_C_LANGUAGE_STANDARD = gnu11;
				GCC_DYNAMIC_NO_PIC = NO;
				GCC_NO_COMMON_BLOCKS = YES;
				GCC_OPTIMIZATION_LEVEL = 0;
				GCC_PREPROCESSOR_DEFINITIONS = (
					"DEBUG=1",
					"$(inherited)",
				);
				GCC_WARN_64_TO_32_BIT_CONVERSION = YES;
				GCC_WARN_ABOUT_RETURN_TYPE = YES_ERROR;
				GCC_WARN_UNDECLARED_SELECTOR = YES;
				GCC_WARN_UNINITIALIZED_AUTOS = YES_AGGRESSIVE;
				GCC_WARN_UNUSED_FUNCTION = YES;
				GCC_WARN_UNUSED_VARIABLE = YES;
				IPHONEOS_DEPLOYMENT_TARGET = 11.3;
				MTL_ENABLE_DEBUG_INFO = YES;
				ONLY_ACTIVE_ARCH = YES;
				SDKROOT = iphoneos;
				SWIFT_ACTIVE_COMPILATION_CONDITIONS = DEBUG;
				SWIFT_OPTIMIZATION_LEVEL = "-Onone";
			};
			name = Debug;
		};
		460B207F2107447000CB5CB9 /* Release */ = {
			isa = XCBuildConfiguration;
			buildSettings = {
				ALWAYS_SEARCH_USER_PATHS = NO;
				CLANG_ANALYZER_NONNULL = YES;
				CLANG_ANALYZER_NUMBER_OBJECT_CONVERSION = YES_AGGRESSIVE;
				CLANG_CXX_LANGUAGE_STANDARD = "gnu++14";
				CLANG_CXX_LIBRARY = "libc++";
				CLANG_ENABLE_MODULES = YES;
				CLANG_ENABLE_OBJC_ARC = YES;
				CLANG_ENABLE_OBJC_WEAK = YES;
				CLANG_WARN_BLOCK_CAPTURE_AUTORELEASING = YES;
				CLANG_WARN_BOOL_CONVERSION = YES;
				CLANG_WARN_COMMA = YES;
				CLANG_WARN_CONSTANT_CONVERSION = YES;
				CLANG_WARN_DEPRECATED_OBJC_IMPLEMENTATIONS = YES;
				CLANG_WARN_DIRECT_OBJC_ISA_USAGE = YES_ERROR;
				CLANG_WARN_DOCUMENTATION_COMMENTS = YES;
				CLANG_WARN_EMPTY_BODY = YES;
				CLANG_WARN_ENUM_CONVERSION = YES;
				CLANG_WARN_INFINITE_RECURSION = YES;
				CLANG_WARN_INT_CONVERSION = YES;
				CLANG_WARN_NON_LITERAL_NULL_CONVERSION = YES;
				CLANG_WARN_OBJC_IMPLICIT_RETAIN_SELF = YES;
				CLANG_WARN_OBJC_LITERAL_CONVERSION = YES;
				CLANG_WARN_OBJC_ROOT_CLASS = YES_ERROR;
				CLANG_WARN_RANGE_LOOP_ANALYSIS = YES;
				CLANG_WARN_STRICT_PROTOTYPES = YES;
				CLANG_WARN_SUSPICIOUS_MOVE = YES;
				CLANG_WARN_UNGUARDED_AVAILABILITY = YES_AGGRESSIVE;
				CLANG_WARN_UNREACHABLE_CODE = YES;
				CLANG_WARN__DUPLICATE_METHOD_MATCH = YES;
				CODE_SIGN_IDENTITY = "iPhone Developer";
				COPY_PHASE_STRIP = NO;
				DEBUG_INFORMATION_FORMAT = "dwarf-with-dsym";
				ENABLE_NS_ASSERTIONS = NO;
				ENABLE_STRICT_OBJC_MSGSEND = YES;
				GCC_C_LANGUAGE_STANDARD = gnu11;
				GCC_NO_COMMON_BLOCKS = YES;
				GCC_WARN_64_TO_32_BIT_CONVERSION = YES;
				GCC_WARN_ABOUT_RETURN_TYPE = YES_ERROR;
				GCC_WARN_UNDECLARED_SELECTOR = YES;
				GCC_WARN_UNINITIALIZED_AUTOS = YES_AGGRESSIVE;
				GCC_WARN_UNUSED_FUNCTION = YES;
				GCC_WARN_UNUSED_VARIABLE = YES;
				IPHONEOS_DEPLOYMENT_TARGET = 11.3;
				MTL_ENABLE_DEBUG_INFO = NO;
				SDKROOT = iphoneos;
				SWIFT_COMPILATION_MODE = wholemodule;
				SWIFT_OPTIMIZATION_LEVEL = "-O";
				VALIDATE_PRODUCT = YES;
			};
			name = Release;
		};
		460B20812107447000CB5CB9 /* Debug */ = {
			isa = XCBuildConfiguration;
			buildSettings = {
				ASSETCATALOG_COMPILER_APPICON_NAME = AppIcon;
				CODE_SIGN_STYLE = Automatic;
				DEVELOPMENT_TEAM = H9P9GW3W34;
				INFOPLIST_FILE = eyelogix/Info.plist;
				LD_RUNPATH_SEARCH_PATHS = (
					"$(inherited)",
					"@executable_path/Frameworks",
				);
				PRODUCT_BUNDLE_IDENTIFIER = com.telogo.eyelogix;
				PRODUCT_NAME = "$(TARGET_NAME)";
				SWIFT_VERSION = 4.0;
				TARGETED_DEVICE_FAMILY = "1,2";
			};
			name = Debug;
		};
		460B20822107447000CB5CB9 /* Release */ = {
			isa = XCBuildConfiguration;
			buildSettings = {
				ASSETCATALOG_COMPILER_APPICON_NAME = AppIcon;
				CODE_SIGN_STYLE = Automatic;
				DEVELOPMENT_TEAM = H9P9GW3W34;
				INFOPLIST_FILE = eyelogix/Info.plist;
				LD_RUNPATH_SEARCH_PATHS = (
					"$(inherited)",
					"@executable_path/Frameworks",
				);
				PRODUCT_BUNDLE_IDENTIFIER = com.telogo.eyelogix;
				PRODUCT_NAME = "$(TARGET_NAME)";
				SWIFT_VERSION = 4.0;
				TARGETED_DEVICE_FAMILY = "1,2";
			};
			name = Release;
		};
		460B20842107447000CB5CB9 /* Debug */ = {
			isa = XCBuildConfiguration;
			buildSettings = {
				ALWAYS_EMBED_SWIFT_STANDARD_LIBRARIES = YES;
				BUNDLE_LOADER = "$(TEST_HOST)";
				CODE_SIGN_STYLE = Automatic;
				INFOPLIST_FILE = eyelogixTests/Info.plist;
				LD_RUNPATH_SEARCH_PATHS = (
					"$(inherited)",
					"@executable_path/Frameworks",
					"@loader_path/Frameworks",
				);
				PRODUCT_BUNDLE_IDENTIFIER = com.telogo.eyelogixTests;
				PRODUCT_NAME = "$(TARGET_NAME)";
				SWIFT_VERSION = 4.0;
				TARGETED_DEVICE_FAMILY = "1,2";
				TEST_HOST = "$(BUILT_PRODUCTS_DIR)/eyelogix.app/eyelogix";
			};
			name = Debug;
		};
		460B20852107447000CB5CB9 /* Release */ = {
			isa = XCBuildConfiguration;
			buildSettings = {
				ALWAYS_EMBED_SWIFT_STANDARD_LIBRARIES = YES;
				BUNDLE_LOADER = "$(TEST_HOST)";
				CODE_SIGN_STYLE = Automatic;
				INFOPLIST_FILE = eyelogixTests/Info.plist;
				LD_RUNPATH_SEARCH_PATHS = (
					"$(inherited)",
					"@executable_path/Frameworks",
					"@loader_path/Frameworks",
				);
				PRODUCT_BUNDLE_IDENTIFIER = com.telogo.eyelogixTests;
				PRODUCT_NAME = "$(TARGET_NAME)";
				SWIFT_VERSION = 4.0;
				TARGETED_DEVICE_FAMILY = "1,2";
				TEST_HOST = "$(BUILT_PRODUCTS_DIR)/eyelogix.app/eyelogix";
			};
			name = Release;
		};
		460B20872107447000CB5CB9 /* Debug */ = {
			isa = XCBuildConfiguration;
			buildSettings = {
				ALWAYS_EMBED_SWIFT_STANDARD_LIBRARIES = YES;
				CODE_SIGN_STYLE = Automatic;
				INFOPLIST_FILE = eyelogixUITests/Info.plist;
				LD_RUNPATH_SEARCH_PATHS = (
					"$(inherited)",
					"@executable_path/Frameworks",
					"@loader_path/Frameworks",
				);
				PRODUCT_BUNDLE_IDENTIFIER = com.telogo.eyelogixUITests;
				PRODUCT_NAME = "$(TARGET_NAME)";
				SWIFT_VERSION = 4.0;
				TARGETED_DEVICE_FAMILY = "1,2";
				TEST_TARGET_NAME = eyelogix;
			};
			name = Debug;
		};
		460B20882107447000CB5CB9 /* Release */ = {
			isa = XCBuildConfiguration;
			buildSettings = {
				ALWAYS_EMBED_SWIFT_STANDARD_LIBRARIES = YES;
				CODE_SIGN_STYLE = Automatic;
				INFOPLIST_FILE = eyelogixUITests/Info.plist;
				LD_RUNPATH_SEARCH_PATHS = (
					"$(inherited)",
					"@executable_path/Frameworks",
					"@loader_path/Frameworks",
				);
				PRODUCT_BUNDLE_IDENTIFIER = com.telogo.eyelogixUITests;
				PRODUCT_NAME = "$(TARGET_NAME)";
				SWIFT_VERSION = 4.0;
				TARGETED_DEVICE_FAMILY = "1,2";
				TEST_TARGET_NAME = eyelogix;
			};
			name = Release;
		};
/* End XCBuildConfiguration section */

/* Begin XCConfigurationList section */
		460B20532107446E00CB5CB9 /* Build configuration list for PBXProject "eyelogix" */ = {
			isa = XCConfigurationList;
			buildConfigurations = (
				460B207E2107447000CB5CB9 /* Debug */,
				460B207F2107447000CB5CB9 /* Release */,
			);
			defaultConfigurationIsVisible = 0;
			defaultConfigurationName = Release;
		};
		460B20802107447000CB5CB9 /* Build configuration list for PBXNativeTarget "eyelogix" */ = {
			isa = XCConfigurationList;
			buildConfigurations = (
				460B20812107447000CB5CB9 /* Debug */,
				460B20822107447000CB5CB9 /* Release */,
			);
			defaultConfigurationIsVisible = 0;
			defaultConfigurationName = Release;
		};
		460B20832107447000CB5CB9 /* Build configuration list for PBXNativeTarget "eyelogixTests" */ = {
			isa = XCConfigurationList;
			buildConfigurations = (
				460B20842107447000CB5CB9 /* Debug */,
				460B20852107447000CB5CB9 /* Release */,
			);
			defaultConfigurationIsVisible = 0;
			defaultConfigurationName = Release;
		};
		460B20862107447000CB5CB9 /* Build configuration list for PBXNativeTarget "eyelogixUITests" */ = {
			isa = XCConfigurationList;
			buildConfigurations = (
				460B20872107447000CB5CB9 /* Debug */,
				460B20882107447000CB5CB9 /* Release */,
			);
			defaultConfigurationIsVisible = 0;
			defaultConfigurationName = Release;
		};
/* End XCConfigurationList section */
	};
	rootObject = 460B20502107446E00CB5CB9 /* Project object */;
}
